
Microsoft Visual Studio Solution File, Format Version 12.00
# Visual Studio 14
VisualStudioVersion = 14.0.24720.0
MinimumVisualStudioVersion = 10.0.40219.1
Project("{2150E333-8FDC-42A3-9474-1A3956D46DE8}") = "Frameworks", "Frameworks", "{CFE09DCB-A8EF-471C-81EA-7ACA7632D0D7}"
EndProject
Project("{FAE04EC0-301F-11D3-BF4B-00C04F79EFBC}") = "Repository.Pattern", "Frameworks\Repository.Pattern\Repository.Pattern.csproj", "{479425D1-E376-4E3A-9FFF-31121CE8A5D3}"
EndProject
Project("{FAE04EC0-301F-11D3-BF4B-00C04F79EFBC}") = "Repository.Pattern.Ef6", "Frameworks\Repository.Pattern.Ef6\Repository.Pattern.Ef6.csproj", "{F68A1D19-93FB-47C1-A22B-42BEA3E4FD8C}"
EndProject
Project("{FAE04EC0-301F-11D3-BF4B-00C04F79EFBC}") = "Service.Pattern", "Frameworks\Service.Pattern\Service.Pattern.csproj", "{561F0D0C-EB7B-4FA6-9A54-2D06E34A7F58}"
EndProject
Project("{FAE04EC0-301F-11D3-BF4B-00C04F79EFBC}") = "AplombTech.DWasa.Entity", "AplombTech.DWasa.Entity\AplombTech.DWasa.Entity.csproj", "{9805B916-4979-4D84-96E0-CA8A129352C8}"
EndProject
Project("{FAE04EC0-301F-11D3-BF4B-00C04F79EFBC}") = "AplombTech.DWasa.Model", "AplombTech.DWasa.Model\AplombTech.DWasa.Model.csproj", "{4719881E-0890-4734-B68B-C874F12A13F4}"
EndProject
Project("{FAE04EC0-301F-11D3-BF4B-00C04F79EFBC}") = "AplombTech.DWasa.Logging", "AplombTech.DWasa.Logging\AplombTech.DWasa.Logging.csproj", "{1F31636B-9BB0-4650-AC19-B5B154D84D78}"
EndProject
Project("{FAE04EC0-301F-11D3-BF4B-00C04F79EFBC}") = "AplombTech.DWasa.Repository", "AplombTech.DWasa.Repository\AplombTech.DWasa.Repository.csproj", "{55842292-2492-4367-B0D3-1E2C82E9AF0F}"
EndProject
Project("{FAE04EC0-301F-11D3-BF4B-00C04F79EFBC}") = "AplombTech.DWasa.Service", "AplombTech.DWasa.Service\AplombTech.DWasa.Service.csproj", "{73B9FD25-9082-48C3-AC99-7225C03916E4}"
EndProject
Project("{FAE04EC0-301F-11D3-BF4B-00C04F79EFBC}") = "AplombTech.DWasa.MQTT.Client", "AplombTech.DWasa.MQTT.Client\AplombTech.DWasa.MQTT.Client.csproj", "{ADA6D43F-6868-4B1F-B353-D10AEE45CE73}"
EndProject
Project("{FAE04EC0-301F-11D3-BF4B-00C04F79EFBC}") = "AplombTech.DWasa.Json", "AplombTech.DWasa.Json\AplombTech.DWasa.Json.csproj", "{A64BCFE7-9EE1-4F7C-B1DD-5DA0CB9C0BEF}"
EndProject
Project("{FAE04EC0-301F-11D3-BF4B-00C04F79EFBC}") = "AplombTech.DWasa.Web", "AplombTech.DWasa.Web\AplombTech.DWasa.Web.csproj", "{EE62F3D3-624B-4E6B-B054-BFD418E5DF37}"
EndProject
Project("{FAE04EC0-301F-11D3-BF4B-00C04F79EFBC}") = "AplombTech.DWasa.Test", "AplombTech.DWasa.Test\AplombTech.DWasa.Test.csproj", "{E3F8C1F0-3078-4F5A-9878-C6A4F64D5166}"
EndProject
Global
	GlobalSection(SolutionConfigurationPlatforms) = preSolution
		Debug|Android = Debug|Android
		Debug|Any CPU = Debug|Any CPU
		Debug|iOS = Debug|iOS
		Debug|Windows Phone (Universal) = Debug|Windows Phone (Universal)
		Debug|Windows Phone 8 = Debug|Windows Phone 8
		Debug|Windows-AnyCPU = Debug|Windows-AnyCPU
		Debug|Windows-ARM = Debug|Windows-ARM
		Debug|Windows-x64 = Debug|Windows-x64
		Debug|Windows-x86 = Debug|Windows-x86
		Debug|x86 = Debug|x86
		Release|Android = Release|Android
		Release|Any CPU = Release|Any CPU
		Release|iOS = Release|iOS
		Release|Windows Phone (Universal) = Release|Windows Phone (Universal)
		Release|Windows Phone 8 = Release|Windows Phone 8
		Release|Windows-AnyCPU = Release|Windows-AnyCPU
		Release|Windows-ARM = Release|Windows-ARM
		Release|Windows-x64 = Release|Windows-x64
		Release|Windows-x86 = Release|Windows-x86
		Release|x86 = Release|x86
	EndGlobalSection
	GlobalSection(ProjectConfigurationPlatforms) = postSolution
		{479425D1-E376-4E3A-9FFF-31121CE8A5D3}.Debug|Android.ActiveCfg = Debug|Any CPU
		{479425D1-E376-4E3A-9FFF-31121CE8A5D3}.Debug|Android.Build.0 = Debug|Any CPU
		{479425D1-E376-4E3A-9FFF-31121CE8A5D3}.Debug|Any CPU.ActiveCfg = Debug|Any CPU
		{479425D1-E376-4E3A-9FFF-31121CE8A5D3}.Debug|Any CPU.Build.0 = Debug|Any CPU
		{479425D1-E376-4E3A-9FFF-31121CE8A5D3}.Debug|iOS.ActiveCfg = Debug|Any CPU
		{479425D1-E376-4E3A-9FFF-31121CE8A5D3}.Debug|iOS.Build.0 = Debug|Any CPU
		{479425D1-E376-4E3A-9FFF-31121CE8A5D3}.Debug|Windows Phone (Universal).ActiveCfg = Debug|Any CPU
		{479425D1-E376-4E3A-9FFF-31121CE8A5D3}.Debug|Windows Phone (Universal).Build.0 = Debug|Any CPU
		{479425D1-E376-4E3A-9FFF-31121CE8A5D3}.Debug|Windows Phone 8.ActiveCfg = Debug|Any CPU
		{479425D1-E376-4E3A-9FFF-31121CE8A5D3}.Debug|Windows Phone 8.Build.0 = Debug|Any CPU
		{479425D1-E376-4E3A-9FFF-31121CE8A5D3}.Debug|Windows-AnyCPU.ActiveCfg = Debug|Any CPU
		{479425D1-E376-4E3A-9FFF-31121CE8A5D3}.Debug|Windows-AnyCPU.Build.0 = Debug|Any CPU
		{479425D1-E376-4E3A-9FFF-31121CE8A5D3}.Debug|Windows-ARM.ActiveCfg = Debug|Any CPU
		{479425D1-E376-4E3A-9FFF-31121CE8A5D3}.Debug|Windows-ARM.Build.0 = Debug|Any CPU
		{479425D1-E376-4E3A-9FFF-31121CE8A5D3}.Debug|Windows-x64.ActiveCfg = Debug|Any CPU
		{479425D1-E376-4E3A-9FFF-31121CE8A5D3}.Debug|Windows-x64.Build.0 = Debug|Any CPU
		{479425D1-E376-4E3A-9FFF-31121CE8A5D3}.Debug|Windows-x86.ActiveCfg = Debug|Any CPU
		{479425D1-E376-4E3A-9FFF-31121CE8A5D3}.Debug|Windows-x86.Build.0 = Debug|Any CPU
		{479425D1-E376-4E3A-9FFF-31121CE8A5D3}.Debug|x86.ActiveCfg = Debug|x86
		{479425D1-E376-4E3A-9FFF-31121CE8A5D3}.Debug|x86.Build.0 = Debug|x86
		{479425D1-E376-4E3A-9FFF-31121CE8A5D3}.Release|Android.ActiveCfg = Release|Any CPU
		{479425D1-E376-4E3A-9FFF-31121CE8A5D3}.Release|Android.Build.0 = Release|Any CPU
		{479425D1-E376-4E3A-9FFF-31121CE8A5D3}.Release|Any CPU.ActiveCfg = Release|Any CPU
		{479425D1-E376-4E3A-9FFF-31121CE8A5D3}.Release|Any CPU.Build.0 = Release|Any CPU
		{479425D1-E376-4E3A-9FFF-31121CE8A5D3}.Release|iOS.ActiveCfg = Release|Any CPU
		{479425D1-E376-4E3A-9FFF-31121CE8A5D3}.Release|iOS.Build.0 = Release|Any CPU
		{479425D1-E376-4E3A-9FFF-31121CE8A5D3}.Release|Windows Phone (Universal).ActiveCfg = Release|Any CPU
		{479425D1-E376-4E3A-9FFF-31121CE8A5D3}.Release|Windows Phone (Universal).Build.0 = Release|Any CPU
		{479425D1-E376-4E3A-9FFF-31121CE8A5D3}.Release|Windows Phone 8.ActiveCfg = Release|Any CPU
		{479425D1-E376-4E3A-9FFF-31121CE8A5D3}.Release|Windows Phone 8.Build.0 = Release|Any CPU
		{479425D1-E376-4E3A-9FFF-31121CE8A5D3}.Release|Windows-AnyCPU.ActiveCfg = Release|Any CPU
		{479425D1-E376-4E3A-9FFF-31121CE8A5D3}.Release|Windows-AnyCPU.Build.0 = Release|Any CPU
		{479425D1-E376-4E3A-9FFF-31121CE8A5D3}.Release|Windows-ARM.ActiveCfg = Release|Any CPU
		{479425D1-E376-4E3A-9FFF-31121CE8A5D3}.Release|Windows-ARM.Build.0 = Release|Any CPU
		{479425D1-E376-4E3A-9FFF-31121CE8A5D3}.Release|Windows-x64.ActiveCfg = Release|Any CPU
		{479425D1-E376-4E3A-9FFF-31121CE8A5D3}.Release|Windows-x64.Build.0 = Release|Any CPU
		{479425D1-E376-4E3A-9FFF-31121CE8A5D3}.Release|Windows-x86.ActiveCfg = Release|Any CPU
		{479425D1-E376-4E3A-9FFF-31121CE8A5D3}.Release|Windows-x86.Build.0 = Release|Any CPU
		{479425D1-E376-4E3A-9FFF-31121CE8A5D3}.Release|x86.ActiveCfg = Release|x86
		{479425D1-E376-4E3A-9FFF-31121CE8A5D3}.Release|x86.Build.0 = Release|x86
		{F68A1D19-93FB-47C1-A22B-42BEA3E4FD8C}.Debug|Android.ActiveCfg = Debug|Any CPU
		{F68A1D19-93FB-47C1-A22B-42BEA3E4FD8C}.Debug|Android.Build.0 = Debug|Any CPU
		{F68A1D19-93FB-47C1-A22B-42BEA3E4FD8C}.Debug|Any CPU.ActiveCfg = Debug|Any CPU
		{F68A1D19-93FB-47C1-A22B-42BEA3E4FD8C}.Debug|Any CPU.Build.0 = Debug|Any CPU
		{F68A1D19-93FB-47C1-A22B-42BEA3E4FD8C}.Debug|iOS.ActiveCfg = Debug|Any CPU
		{F68A1D19-93FB-47C1-A22B-42BEA3E4FD8C}.Debug|iOS.Build.0 = Debug|Any CPU
		{F68A1D19-93FB-47C1-A22B-42BEA3E4FD8C}.Debug|Windows Phone (Universal).ActiveCfg = Debug|Any CPU
		{F68A1D19-93FB-47C1-A22B-42BEA3E4FD8C}.Debug|Windows Phone (Universal).Build.0 = Debug|Any CPU
		{F68A1D19-93FB-47C1-A22B-42BEA3E4FD8C}.Debug|Windows Phone 8.ActiveCfg = Debug|Any CPU
		{F68A1D19-93FB-47C1-A22B-42BEA3E4FD8C}.Debug|Windows Phone 8.Build.0 = Debug|Any CPU
		{F68A1D19-93FB-47C1-A22B-42BEA3E4FD8C}.Debug|Windows-AnyCPU.ActiveCfg = Debug|Any CPU
		{F68A1D19-93FB-47C1-A22B-42BEA3E4FD8C}.Debug|Windows-AnyCPU.Build.0 = Debug|Any CPU
		{F68A1D19-93FB-47C1-A22B-42BEA3E4FD8C}.Debug|Windows-ARM.ActiveCfg = Debug|Any CPU
		{F68A1D19-93FB-47C1-A22B-42BEA3E4FD8C}.Debug|Windows-ARM.Build.0 = Debug|Any CPU
		{F68A1D19-93FB-47C1-A22B-42BEA3E4FD8C}.Debug|Windows-x64.ActiveCfg = Debug|Any CPU
		{F68A1D19-93FB-47C1-A22B-42BEA3E4FD8C}.Debug|Windows-x64.Build.0 = Debug|Any CPU
		{F68A1D19-93FB-47C1-A22B-42BEA3E4FD8C}.Debug|Windows-x86.ActiveCfg = Debug|Any CPU
		{F68A1D19-93FB-47C1-A22B-42BEA3E4FD8C}.Debug|Windows-x86.Build.0 = Debug|Any CPU
		{F68A1D19-93FB-47C1-A22B-42BEA3E4FD8C}.Debug|x86.ActiveCfg = Debug|Any CPU
		{F68A1D19-93FB-47C1-A22B-42BEA3E4FD8C}.Debug|x86.Build.0 = Debug|Any CPU
		{F68A1D19-93FB-47C1-A22B-42BEA3E4FD8C}.Release|Android.ActiveCfg = Release|Any CPU
		{F68A1D19-93FB-47C1-A22B-42BEA3E4FD8C}.Release|Android.Build.0 = Release|Any CPU
		{F68A1D19-93FB-47C1-A22B-42BEA3E4FD8C}.Release|Any CPU.ActiveCfg = Release|Any CPU
		{F68A1D19-93FB-47C1-A22B-42BEA3E4FD8C}.Release|Any CPU.Build.0 = Release|Any CPU
		{F68A1D19-93FB-47C1-A22B-42BEA3E4FD8C}.Release|iOS.ActiveCfg = Release|Any CPU
		{F68A1D19-93FB-47C1-A22B-42BEA3E4FD8C}.Release|iOS.Build.0 = Release|Any CPU
		{F68A1D19-93FB-47C1-A22B-42BEA3E4FD8C}.Release|Windows Phone (Universal).ActiveCfg = Release|Any CPU
		{F68A1D19-93FB-47C1-A22B-42BEA3E4FD8C}.Release|Windows Phone (Universal).Build.0 = Release|Any CPU
		{F68A1D19-93FB-47C1-A22B-42BEA3E4FD8C}.Release|Windows Phone 8.ActiveCfg = Release|Any CPU
		{F68A1D19-93FB-47C1-A22B-42BEA3E4FD8C}.Release|Windows Phone 8.Build.0 = Release|Any CPU
		{F68A1D19-93FB-47C1-A22B-42BEA3E4FD8C}.Release|Windows-AnyCPU.ActiveCfg = Release|Any CPU
		{F68A1D19-93FB-47C1-A22B-42BEA3E4FD8C}.Release|Windows-AnyCPU.Build.0 = Release|Any CPU
		{F68A1D19-93FB-47C1-A22B-42BEA3E4FD8C}.Release|Windows-ARM.ActiveCfg = Release|Any CPU
		{F68A1D19-93FB-47C1-A22B-42BEA3E4FD8C}.Release|Windows-ARM.Build.0 = Release|Any CPU
		{F68A1D19-93FB-47C1-A22B-42BEA3E4FD8C}.Release|Windows-x64.ActiveCfg = Release|Any CPU
		{F68A1D19-93FB-47C1-A22B-42BEA3E4FD8C}.Release|Windows-x64.Build.0 = Release|Any CPU
		{F68A1D19-93FB-47C1-A22B-42BEA3E4FD8C}.Release|Windows-x86.ActiveCfg = Release|Any CPU
		{F68A1D19-93FB-47C1-A22B-42BEA3E4FD8C}.Release|Windows-x86.Build.0 = Release|Any CPU
		{F68A1D19-93FB-47C1-A22B-42BEA3E4FD8C}.Release|x86.ActiveCfg = Release|Any CPU
		{F68A1D19-93FB-47C1-A22B-42BEA3E4FD8C}.Release|x86.Build.0 = Release|Any CPU
		{561F0D0C-EB7B-4FA6-9A54-2D06E34A7F58}.Debug|Android.ActiveCfg = Debug|Any CPU
		{561F0D0C-EB7B-4FA6-9A54-2D06E34A7F58}.Debug|Android.Build.0 = Debug|Any CPU
		{561F0D0C-EB7B-4FA6-9A54-2D06E34A7F58}.Debug|Any CPU.ActiveCfg = Debug|Any CPU
		{561F0D0C-EB7B-4FA6-9A54-2D06E34A7F58}.Debug|Any CPU.Build.0 = Debug|Any CPU
		{561F0D0C-EB7B-4FA6-9A54-2D06E34A7F58}.Debug|iOS.ActiveCfg = Debug|Any CPU
		{561F0D0C-EB7B-4FA6-9A54-2D06E34A7F58}.Debug|iOS.Build.0 = Debug|Any CPU
		{561F0D0C-EB7B-4FA6-9A54-2D06E34A7F58}.Debug|Windows Phone (Universal).ActiveCfg = Debug|Any CPU
		{561F0D0C-EB7B-4FA6-9A54-2D06E34A7F58}.Debug|Windows Phone (Universal).Build.0 = Debug|Any CPU
		{561F0D0C-EB7B-4FA6-9A54-2D06E34A7F58}.Debug|Windows Phone 8.ActiveCfg = Debug|Any CPU
		{561F0D0C-EB7B-4FA6-9A54-2D06E34A7F58}.Debug|Windows Phone 8.Build.0 = Debug|Any CPU
		{561F0D0C-EB7B-4FA6-9A54-2D06E34A7F58}.Debug|Windows-AnyCPU.ActiveCfg = Debug|Any CPU
		{561F0D0C-EB7B-4FA6-9A54-2D06E34A7F58}.Debug|Windows-AnyCPU.Build.0 = Debug|Any CPU
		{561F0D0C-EB7B-4FA6-9A54-2D06E34A7F58}.Debug|Windows-ARM.ActiveCfg = Debug|Any CPU
		{561F0D0C-EB7B-4FA6-9A54-2D06E34A7F58}.Debug|Windows-ARM.Build.0 = Debug|Any CPU
		{561F0D0C-EB7B-4FA6-9A54-2D06E34A7F58}.Debug|Windows-x64.ActiveCfg = Debug|Any CPU
		{561F0D0C-EB7B-4FA6-9A54-2D06E34A7F58}.Debug|Windows-x64.Build.0 = Debug|Any CPU
		{561F0D0C-EB7B-4FA6-9A54-2D06E34A7F58}.Debug|Windows-x86.ActiveCfg = Debug|Any CPU
		{561F0D0C-EB7B-4FA6-9A54-2D06E34A7F58}.Debug|Windows-x86.Build.0 = Debug|Any CPU
		{561F0D0C-EB7B-4FA6-9A54-2D06E34A7F58}.Debug|x86.ActiveCfg = Debug|Any CPU
		{561F0D0C-EB7B-4FA6-9A54-2D06E34A7F58}.Debug|x86.Build.0 = Debug|Any CPU
		{561F0D0C-EB7B-4FA6-9A54-2D06E34A7F58}.Release|Android.ActiveCfg = Release|Any CPU
		{561F0D0C-EB7B-4FA6-9A54-2D06E34A7F58}.Release|Android.Build.0 = Release|Any CPU
		{561F0D0C-EB7B-4FA6-9A54-2D06E34A7F58}.Release|Any CPU.ActiveCfg = Release|Any CPU
		{561F0D0C-EB7B-4FA6-9A54-2D06E34A7F58}.Release|Any CPU.Build.0 = Release|Any CPU
		{561F0D0C-EB7B-4FA6-9A54-2D06E34A7F58}.Release|iOS.ActiveCfg = Release|Any CPU
		{561F0D0C-EB7B-4FA6-9A54-2D06E34A7F58}.Release|iOS.Build.0 = Release|Any CPU
		{561F0D0C-EB7B-4FA6-9A54-2D06E34A7F58}.Release|Windows Phone (Universal).ActiveCfg = Release|Any CPU
		{561F0D0C-EB7B-4FA6-9A54-2D06E34A7F58}.Release|Windows Phone (Universal).Build.0 = Release|Any CPU
		{561F0D0C-EB7B-4FA6-9A54-2D06E34A7F58}.Release|Windows Phone 8.ActiveCfg = Release|Any CPU
		{561F0D0C-EB7B-4FA6-9A54-2D06E34A7F58}.Release|Windows Phone 8.Build.0 = Release|Any CPU
		{561F0D0C-EB7B-4FA6-9A54-2D06E34A7F58}.Release|Windows-AnyCPU.ActiveCfg = Release|Any CPU
		{561F0D0C-EB7B-4FA6-9A54-2D06E34A7F58}.Release|Windows-AnyCPU.Build.0 = Release|Any CPU
		{561F0D0C-EB7B-4FA6-9A54-2D06E34A7F58}.Release|Windows-ARM.ActiveCfg = Release|Any CPU
		{561F0D0C-EB7B-4FA6-9A54-2D06E34A7F58}.Release|Windows-ARM.Build.0 = Release|Any CPU
		{561F0D0C-EB7B-4FA6-9A54-2D06E34A7F58}.Release|Windows-x64.ActiveCfg = Release|Any CPU
		{561F0D0C-EB7B-4FA6-9A54-2D06E34A7F58}.Release|Windows-x64.Build.0 = Release|Any CPU
		{561F0D0C-EB7B-4FA6-9A54-2D06E34A7F58}.Release|Windows-x86.ActiveCfg = Release|Any CPU
		{561F0D0C-EB7B-4FA6-9A54-2D06E34A7F58}.Release|Windows-x86.Build.0 = Release|Any CPU
		{561F0D0C-EB7B-4FA6-9A54-2D06E34A7F58}.Release|x86.ActiveCfg = Release|Any CPU
		{561F0D0C-EB7B-4FA6-9A54-2D06E34A7F58}.Release|x86.Build.0 = Release|Any CPU
		{9805B916-4979-4D84-96E0-CA8A129352C8}.Debug|Android.ActiveCfg = Debug|Any CPU
		{9805B916-4979-4D84-96E0-CA8A129352C8}.Debug|Android.Build.0 = Debug|Any CPU
		{9805B916-4979-4D84-96E0-CA8A129352C8}.Debug|Any CPU.ActiveCfg = Debug|Any CPU
		{9805B916-4979-4D84-96E0-CA8A129352C8}.Debug|Any CPU.Build.0 = Debug|Any CPU
		{9805B916-4979-4D84-96E0-CA8A129352C8}.Debug|iOS.ActiveCfg = Debug|Any CPU
		{9805B916-4979-4D84-96E0-CA8A129352C8}.Debug|iOS.Build.0 = Debug|Any CPU
		{9805B916-4979-4D84-96E0-CA8A129352C8}.Debug|Windows Phone (Universal).ActiveCfg = Debug|Any CPU
		{9805B916-4979-4D84-96E0-CA8A129352C8}.Debug|Windows Phone (Universal).Build.0 = Debug|Any CPU
		{9805B916-4979-4D84-96E0-CA8A129352C8}.Debug|Windows Phone 8.ActiveCfg = Debug|Any CPU
		{9805B916-4979-4D84-96E0-CA8A129352C8}.Debug|Windows Phone 8.Build.0 = Debug|Any CPU
		{9805B916-4979-4D84-96E0-CA8A129352C8}.Debug|Windows-AnyCPU.ActiveCfg = Debug|Any CPU
		{9805B916-4979-4D84-96E0-CA8A129352C8}.Debug|Windows-AnyCPU.Build.0 = Debug|Any CPU
		{9805B916-4979-4D84-96E0-CA8A129352C8}.Debug|Windows-ARM.ActiveCfg = Debug|Any CPU
		{9805B916-4979-4D84-96E0-CA8A129352C8}.Debug|Windows-ARM.Build.0 = Debug|Any CPU
		{9805B916-4979-4D84-96E0-CA8A129352C8}.Debug|Windows-x64.ActiveCfg = Debug|Any CPU
		{9805B916-4979-4D84-96E0-CA8A129352C8}.Debug|Windows-x64.Build.0 = Debug|Any CPU
		{9805B916-4979-4D84-96E0-CA8A129352C8}.Debug|Windows-x86.ActiveCfg = Debug|Any CPU
		{9805B916-4979-4D84-96E0-CA8A129352C8}.Debug|Windows-x86.Build.0 = Debug|Any CPU
		{9805B916-4979-4D84-96E0-CA8A129352C8}.Debug|x86.ActiveCfg = Debug|Any CPU
		{9805B916-4979-4D84-96E0-CA8A129352C8}.Debug|x86.Build.0 = Debug|Any CPU
		{9805B916-4979-4D84-96E0-CA8A129352C8}.Release|Android.ActiveCfg = Release|Any CPU
		{9805B916-4979-4D84-96E0-CA8A129352C8}.Release|Android.Build.0 = Release|Any CPU
		{9805B916-4979-4D84-96E0-CA8A129352C8}.Release|Any CPU.ActiveCfg = Release|Any CPU
		{9805B916-4979-4D84-96E0-CA8A129352C8}.Release|Any CPU.Build.0 = Release|Any CPU
		{9805B916-4979-4D84-96E0-CA8A129352C8}.Release|iOS.ActiveCfg = Release|Any CPU
		{9805B916-4979-4D84-96E0-CA8A129352C8}.Release|iOS.Build.0 = Release|Any CPU
		{9805B916-4979-4D84-96E0-CA8A129352C8}.Release|Windows Phone (Universal).ActiveCfg = Release|Any CPU
		{9805B916-4979-4D84-96E0-CA8A129352C8}.Release|Windows Phone (Universal).Build.0 = Release|Any CPU
		{9805B916-4979-4D84-96E0-CA8A129352C8}.Release|Windows Phone 8.ActiveCfg = Release|Any CPU
		{9805B916-4979-4D84-96E0-CA8A129352C8}.Release|Windows Phone 8.Build.0 = Release|Any CPU
		{9805B916-4979-4D84-96E0-CA8A129352C8}.Release|Windows-AnyCPU.ActiveCfg = Release|Any CPU
		{9805B916-4979-4D84-96E0-CA8A129352C8}.Release|Windows-AnyCPU.Build.0 = Release|Any CPU
		{9805B916-4979-4D84-96E0-CA8A129352C8}.Release|Windows-ARM.ActiveCfg = Release|Any CPU
		{9805B916-4979-4D84-96E0-CA8A129352C8}.Release|Windows-ARM.Build.0 = Release|Any CPU
		{9805B916-4979-4D84-96E0-CA8A129352C8}.Release|Windows-x64.ActiveCfg = Release|Any CPU
		{9805B916-4979-4D84-96E0-CA8A129352C8}.Release|Windows-x64.Build.0 = Release|Any CPU
		{9805B916-4979-4D84-96E0-CA8A129352C8}.Release|Windows-x86.ActiveCfg = Release|Any CPU
		{9805B916-4979-4D84-96E0-CA8A129352C8}.Release|Windows-x86.Build.0 = Release|Any CPU
		{9805B916-4979-4D84-96E0-CA8A129352C8}.Release|x86.ActiveCfg = Release|Any CPU
		{9805B916-4979-4D84-96E0-CA8A129352C8}.Release|x86.Build.0 = Release|Any CPU
		{4719881E-0890-4734-B68B-C874F12A13F4}.Debug|Android.ActiveCfg = Debug|Any CPU
		{4719881E-0890-4734-B68B-C874F12A13F4}.Debug|Android.Build.0 = Debug|Any CPU
		{4719881E-0890-4734-B68B-C874F12A13F4}.Debug|Any CPU.ActiveCfg = Debug|Any CPU
		{4719881E-0890-4734-B68B-C874F12A13F4}.Debug|Any CPU.Build.0 = Debug|Any CPU
		{4719881E-0890-4734-B68B-C874F12A13F4}.Debug|iOS.ActiveCfg = Debug|Any CPU
		{4719881E-0890-4734-B68B-C874F12A13F4}.Debug|iOS.Build.0 = Debug|Any CPU
		{4719881E-0890-4734-B68B-C874F12A13F4}.Debug|Windows Phone (Universal).ActiveCfg = Debug|Any CPU
		{4719881E-0890-4734-B68B-C874F12A13F4}.Debug|Windows Phone (Universal).Build.0 = Debug|Any CPU
		{4719881E-0890-4734-B68B-C874F12A13F4}.Debug|Windows Phone 8.ActiveCfg = Debug|Any CPU
		{4719881E-0890-4734-B68B-C874F12A13F4}.Debug|Windows Phone 8.Build.0 = Debug|Any CPU
		{4719881E-0890-4734-B68B-C874F12A13F4}.Debug|Windows-AnyCPU.ActiveCfg = Debug|Any CPU
		{4719881E-0890-4734-B68B-C874F12A13F4}.Debug|Windows-AnyCPU.Build.0 = Debug|Any CPU
		{4719881E-0890-4734-B68B-C874F12A13F4}.Debug|Windows-ARM.ActiveCfg = Debug|Any CPU
		{4719881E-0890-4734-B68B-C874F12A13F4}.Debug|Windows-ARM.Build.0 = Debug|Any CPU
		{4719881E-0890-4734-B68B-C874F12A13F4}.Debug|Windows-x64.ActiveCfg = Debug|Any CPU
		{4719881E-0890-4734-B68B-C874F12A13F4}.Debug|Windows-x64.Build.0 = Debug|Any CPU
		{4719881E-0890-4734-B68B-C874F12A13F4}.Debug|Windows-x86.ActiveCfg = Debug|Any CPU
		{4719881E-0890-4734-B68B-C874F12A13F4}.Debug|Windows-x86.Build.0 = Debug|Any CPU
		{4719881E-0890-4734-B68B-C874F12A13F4}.Debug|x86.ActiveCfg = Debug|Any CPU
		{4719881E-0890-4734-B68B-C874F12A13F4}.Debug|x86.Build.0 = Debug|Any CPU
		{4719881E-0890-4734-B68B-C874F12A13F4}.Release|Android.ActiveCfg = Release|Any CPU
		{4719881E-0890-4734-B68B-C874F12A13F4}.Release|Android.Build.0 = Release|Any CPU
		{4719881E-0890-4734-B68B-C874F12A13F4}.Release|Any CPU.ActiveCfg = Release|Any CPU
		{4719881E-0890-4734-B68B-C874F12A13F4}.Release|Any CPU.Build.0 = Release|Any CPU
		{4719881E-0890-4734-B68B-C874F12A13F4}.Release|iOS.ActiveCfg = Release|Any CPU
		{4719881E-0890-4734-B68B-C874F12A13F4}.Release|iOS.Build.0 = Release|Any CPU
		{4719881E-0890-4734-B68B-C874F12A13F4}.Release|Windows Phone (Universal).ActiveCfg = Release|Any CPU
		{4719881E-0890-4734-B68B-C874F12A13F4}.Release|Windows Phone (Universal).Build.0 = Release|Any CPU
		{4719881E-0890-4734-B68B-C874F12A13F4}.Release|Windows Phone 8.ActiveCfg = Release|Any CPU
		{4719881E-0890-4734-B68B-C874F12A13F4}.Release|Windows Phone 8.Build.0 = Release|Any CPU
		{4719881E-0890-4734-B68B-C874F12A13F4}.Release|Windows-AnyCPU.ActiveCfg = Release|Any CPU
		{4719881E-0890-4734-B68B-C874F12A13F4}.Release|Windows-AnyCPU.Build.0 = Release|Any CPU
		{4719881E-0890-4734-B68B-C874F12A13F4}.Release|Windows-ARM.ActiveCfg = Release|Any CPU
		{4719881E-0890-4734-B68B-C874F12A13F4}.Release|Windows-ARM.Build.0 = Release|Any CPU
		{4719881E-0890-4734-B68B-C874F12A13F4}.Release|Windows-x64.ActiveCfg = Release|Any CPU
		{4719881E-0890-4734-B68B-C874F12A13F4}.Release|Windows-x64.Build.0 = Release|Any CPU
		{4719881E-0890-4734-B68B-C874F12A13F4}.Release|Windows-x86.ActiveCfg = Release|Any CPU
		{4719881E-0890-4734-B68B-C874F12A13F4}.Release|Windows-x86.Build.0 = Release|Any CPU
		{4719881E-0890-4734-B68B-C874F12A13F4}.Release|x86.ActiveCfg = Release|Any CPU
		{4719881E-0890-4734-B68B-C874F12A13F4}.Release|x86.Build.0 = Release|Any CPU
		{1F31636B-9BB0-4650-AC19-B5B154D84D78}.Debug|Android.ActiveCfg = Debug|Any CPU
		{1F31636B-9BB0-4650-AC19-B5B154D84D78}.Debug|Android.Build.0 = Debug|Any CPU
		{1F31636B-9BB0-4650-AC19-B5B154D84D78}.Debug|Any CPU.ActiveCfg = Debug|Any CPU
		{1F31636B-9BB0-4650-AC19-B5B154D84D78}.Debug|Any CPU.Build.0 = Debug|Any CPU
		{1F31636B-9BB0-4650-AC19-B5B154D84D78}.Debug|iOS.ActiveCfg = Debug|Any CPU
		{1F31636B-9BB0-4650-AC19-B5B154D84D78}.Debug|iOS.Build.0 = Debug|Any CPU
		{1F31636B-9BB0-4650-AC19-B5B154D84D78}.Debug|Windows Phone (Universal).ActiveCfg = Debug|Any CPU
		{1F31636B-9BB0-4650-AC19-B5B154D84D78}.Debug|Windows Phone (Universal).Build.0 = Debug|Any CPU
		{1F31636B-9BB0-4650-AC19-B5B154D84D78}.Debug|Windows Phone 8.ActiveCfg = Debug|Any CPU
		{1F31636B-9BB0-4650-AC19-B5B154D84D78}.Debug|Windows Phone 8.Build.0 = Debug|Any CPU
		{1F31636B-9BB0-4650-AC19-B5B154D84D78}.Debug|Windows-AnyCPU.ActiveCfg = Debug|Any CPU
		{1F31636B-9BB0-4650-AC19-B5B154D84D78}.Debug|Windows-AnyCPU.Build.0 = Debug|Any CPU
		{1F31636B-9BB0-4650-AC19-B5B154D84D78}.Debug|Windows-ARM.ActiveCfg = Debug|Any CPU
		{1F31636B-9BB0-4650-AC19-B5B154D84D78}.Debug|Windows-ARM.Build.0 = Debug|Any CPU
		{1F31636B-9BB0-4650-AC19-B5B154D84D78}.Debug|Windows-x64.ActiveCfg = Debug|Any CPU
		{1F31636B-9BB0-4650-AC19-B5B154D84D78}.Debug|Windows-x64.Build.0 = Debug|Any CPU
		{1F31636B-9BB0-4650-AC19-B5B154D84D78}.Debug|Windows-x86.ActiveCfg = Debug|Any CPU
		{1F31636B-9BB0-4650-AC19-B5B154D84D78}.Debug|Windows-x86.Build.0 = Debug|Any CPU
		{1F31636B-9BB0-4650-AC19-B5B154D84D78}.Debug|x86.ActiveCfg = Debug|Any CPU
		{1F31636B-9BB0-4650-AC19-B5B154D84D78}.Debug|x86.Build.0 = Debug|Any CPU
		{1F31636B-9BB0-4650-AC19-B5B154D84D78}.Release|Android.ActiveCfg = Release|Any CPU
		{1F31636B-9BB0-4650-AC19-B5B154D84D78}.Release|Android.Build.0 = Release|Any CPU
		{1F31636B-9BB0-4650-AC19-B5B154D84D78}.Release|Any CPU.ActiveCfg = Release|Any CPU
		{1F31636B-9BB0-4650-AC19-B5B154D84D78}.Release|Any CPU.Build.0 = Release|Any CPU
		{1F31636B-9BB0-4650-AC19-B5B154D84D78}.Release|iOS.ActiveCfg = Release|Any CPU
		{1F31636B-9BB0-4650-AC19-B5B154D84D78}.Release|iOS.Build.0 = Release|Any CPU
		{1F31636B-9BB0-4650-AC19-B5B154D84D78}.Release|Windows Phone (Universal).ActiveCfg = Release|Any CPU
		{1F31636B-9BB0-4650-AC19-B5B154D84D78}.Release|Windows Phone (Universal).Build.0 = Release|Any CPU
		{1F31636B-9BB0-4650-AC19-B5B154D84D78}.Release|Windows Phone 8.ActiveCfg = Release|Any CPU
		{1F31636B-9BB0-4650-AC19-B5B154D84D78}.Release|Windows Phone 8.Build.0 = Release|Any CPU
		{1F31636B-9BB0-4650-AC19-B5B154D84D78}.Release|Windows-AnyCPU.ActiveCfg = Release|Any CPU
		{1F31636B-9BB0-4650-AC19-B5B154D84D78}.Release|Windows-AnyCPU.Build.0 = Release|Any CPU
		{1F31636B-9BB0-4650-AC19-B5B154D84D78}.Release|Windows-ARM.ActiveCfg = Release|Any CPU
		{1F31636B-9BB0-4650-AC19-B5B154D84D78}.Release|Windows-ARM.Build.0 = Release|Any CPU
		{1F31636B-9BB0-4650-AC19-B5B154D84D78}.Release|Windows-x64.ActiveCfg = Release|Any CPU
		{1F31636B-9BB0-4650-AC19-B5B154D84D78}.Release|Windows-x64.Build.0 = Release|Any CPU
		{1F31636B-9BB0-4650-AC19-B5B154D84D78}.Release|Windows-x86.ActiveCfg = Release|Any CPU
		{1F31636B-9BB0-4650-AC19-B5B154D84D78}.Release|Windows-x86.Build.0 = Release|Any CPU
		{1F31636B-9BB0-4650-AC19-B5B154D84D78}.Release|x86.ActiveCfg = Release|Any CPU
		{1F31636B-9BB0-4650-AC19-B5B154D84D78}.Release|x86.Build.0 = Release|Any CPU
		{55842292-2492-4367-B0D3-1E2C82E9AF0F}.Debug|Android.ActiveCfg = Debug|Any CPU
		{55842292-2492-4367-B0D3-1E2C82E9AF0F}.Debug|Android.Build.0 = Debug|Any CPU
		{55842292-2492-4367-B0D3-1E2C82E9AF0F}.Debug|Any CPU.ActiveCfg = Debug|Any CPU
		{55842292-2492-4367-B0D3-1E2C82E9AF0F}.Debug|Any CPU.Build.0 = Debug|Any CPU
		{55842292-2492-4367-B0D3-1E2C82E9AF0F}.Debug|iOS.ActiveCfg = Debug|Any CPU
		{55842292-2492-4367-B0D3-1E2C82E9AF0F}.Debug|iOS.Build.0 = Debug|Any CPU
		{55842292-2492-4367-B0D3-1E2C82E9AF0F}.Debug|Windows Phone (Universal).ActiveCfg = Debug|Any CPU
		{55842292-2492-4367-B0D3-1E2C82E9AF0F}.Debug|Windows Phone (Universal).Build.0 = Debug|Any CPU
		{55842292-2492-4367-B0D3-1E2C82E9AF0F}.Debug|Windows Phone 8.ActiveCfg = Debug|Any CPU
		{55842292-2492-4367-B0D3-1E2C82E9AF0F}.Debug|Windows Phone 8.Build.0 = Debug|Any CPU
		{55842292-2492-4367-B0D3-1E2C82E9AF0F}.Debug|Windows-AnyCPU.ActiveCfg = Debug|Any CPU
		{55842292-2492-4367-B0D3-1E2C82E9AF0F}.Debug|Windows-AnyCPU.Build.0 = Debug|Any CPU
		{55842292-2492-4367-B0D3-1E2C82E9AF0F}.Debug|Windows-ARM.ActiveCfg = Debug|Any CPU
		{55842292-2492-4367-B0D3-1E2C82E9AF0F}.Debug|Windows-ARM.Build.0 = Debug|Any CPU
		{55842292-2492-4367-B0D3-1E2C82E9AF0F}.Debug|Windows-x64.ActiveCfg = Debug|Any CPU
		{55842292-2492-4367-B0D3-1E2C82E9AF0F}.Debug|Windows-x64.Build.0 = Debug|Any CPU
		{55842292-2492-4367-B0D3-1E2C82E9AF0F}.Debug|Windows-x86.ActiveCfg = Debug|Any CPU
		{55842292-2492-4367-B0D3-1E2C82E9AF0F}.Debug|Windows-x86.Build.0 = Debug|Any CPU
		{55842292-2492-4367-B0D3-1E2C82E9AF0F}.Debug|x86.ActiveCfg = Debug|Any CPU
		{55842292-2492-4367-B0D3-1E2C82E9AF0F}.Debug|x86.Build.0 = Debug|Any CPU
		{55842292-2492-4367-B0D3-1E2C82E9AF0F}.Release|Android.ActiveCfg = Release|Any CPU
		{55842292-2492-4367-B0D3-1E2C82E9AF0F}.Release|Android.Build.0 = Release|Any CPU
		{55842292-2492-4367-B0D3-1E2C82E9AF0F}.Release|Any CPU.ActiveCfg = Release|Any CPU
		{55842292-2492-4367-B0D3-1E2C82E9AF0F}.Release|Any CPU.Build.0 = Release|Any CPU
		{55842292-2492-4367-B0D3-1E2C82E9AF0F}.Release|iOS.ActiveCfg = Release|Any CPU
		{55842292-2492-4367-B0D3-1E2C82E9AF0F}.Release|iOS.Build.0 = Release|Any CPU
		{55842292-2492-4367-B0D3-1E2C82E9AF0F}.Release|Windows Phone (Universal).ActiveCfg = Release|Any CPU
		{55842292-2492-4367-B0D3-1E2C82E9AF0F}.Release|Windows Phone (Universal).Build.0 = Release|Any CPU
		{55842292-2492-4367-B0D3-1E2C82E9AF0F}.Release|Windows Phone 8.ActiveCfg = Release|Any CPU
		{55842292-2492-4367-B0D3-1E2C82E9AF0F}.Release|Windows Phone 8.Build.0 = Release|Any CPU
		{55842292-2492-4367-B0D3-1E2C82E9AF0F}.Release|Windows-AnyCPU.ActiveCfg = Release|Any CPU
		{55842292-2492-4367-B0D3-1E2C82E9AF0F}.Release|Windows-AnyCPU.Build.0 = Release|Any CPU
		{55842292-2492-4367-B0D3-1E2C82E9AF0F}.Release|Windows-ARM.ActiveCfg = Release|Any CPU
		{55842292-2492-4367-B0D3-1E2C82E9AF0F}.Release|Windows-ARM.Build.0 = Release|Any CPU
		{55842292-2492-4367-B0D3-1E2C82E9AF0F}.Release|Windows-x64.ActiveCfg = Release|Any CPU
		{55842292-2492-4367-B0D3-1E2C82E9AF0F}.Release|Windows-x64.Build.0 = Release|Any CPU
		{55842292-2492-4367-B0D3-1E2C82E9AF0F}.Release|Windows-x86.ActiveCfg = Release|Any CPU
		{55842292-2492-4367-B0D3-1E2C82E9AF0F}.Release|Windows-x86.Build.0 = Release|Any CPU
		{55842292-2492-4367-B0D3-1E2C82E9AF0F}.Release|x86.ActiveCfg = Release|Any CPU
		{55842292-2492-4367-B0D3-1E2C82E9AF0F}.Release|x86.Build.0 = Release|Any CPU
		{73B9FD25-9082-48C3-AC99-7225C03916E4}.Debug|Android.ActiveCfg = Debug|Any CPU
		{73B9FD25-9082-48C3-AC99-7225C03916E4}.Debug|Android.Build.0 = Debug|Any CPU
		{73B9FD25-9082-48C3-AC99-7225C03916E4}.Debug|Any CPU.ActiveCfg = Debug|Any CPU
		{73B9FD25-9082-48C3-AC99-7225C03916E4}.Debug|Any CPU.Build.0 = Debug|Any CPU
		{73B9FD25-9082-48C3-AC99-7225C03916E4}.Debug|iOS.ActiveCfg = Debug|Any CPU
		{73B9FD25-9082-48C3-AC99-7225C03916E4}.Debug|iOS.Build.0 = Debug|Any CPU
		{73B9FD25-9082-48C3-AC99-7225C03916E4}.Debug|Windows Phone (Universal).ActiveCfg = Debug|Any CPU
		{73B9FD25-9082-48C3-AC99-7225C03916E4}.Debug|Windows Phone (Universal).Build.0 = Debug|Any CPU
		{73B9FD25-9082-48C3-AC99-7225C03916E4}.Debug|Windows Phone 8.ActiveCfg = Debug|Any CPU
		{73B9FD25-9082-48C3-AC99-7225C03916E4}.Debug|Windows Phone 8.Build.0 = Debug|Any CPU
		{73B9FD25-9082-48C3-AC99-7225C03916E4}.Debug|Windows-AnyCPU.ActiveCfg = Debug|Any CPU
		{73B9FD25-9082-48C3-AC99-7225C03916E4}.Debug|Windows-AnyCPU.Build.0 = Debug|Any CPU
		{73B9FD25-9082-48C3-AC99-7225C03916E4}.Debug|Windows-ARM.ActiveCfg = Debug|Any CPU
		{73B9FD25-9082-48C3-AC99-7225C03916E4}.Debug|Windows-ARM.Build.0 = Debug|Any CPU
		{73B9FD25-9082-48C3-AC99-7225C03916E4}.Debug|Windows-x64.ActiveCfg = Debug|Any CPU
		{73B9FD25-9082-48C3-AC99-7225C03916E4}.Debug|Windows-x64.Build.0 = Debug|Any CPU
		{73B9FD25-9082-48C3-AC99-7225C03916E4}.Debug|Windows-x86.ActiveCfg = Debug|Any CPU
		{73B9FD25-9082-48C3-AC99-7225C03916E4}.Debug|Windows-x86.Build.0 = Debug|Any CPU
		{73B9FD25-9082-48C3-AC99-7225C03916E4}.Debug|x86.ActiveCfg = Debug|Any CPU
		{73B9FD25-9082-48C3-AC99-7225C03916E4}.Debug|x86.Build.0 = Debug|Any CPU
		{73B9FD25-9082-48C3-AC99-7225C03916E4}.Release|Android.ActiveCfg = Release|Any CPU
		{73B9FD25-9082-48C3-AC99-7225C03916E4}.Release|Android.Build.0 = Release|Any CPU
		{73B9FD25-9082-48C3-AC99-7225C03916E4}.Release|Any CPU.ActiveCfg = Release|Any CPU
		{73B9FD25-9082-48C3-AC99-7225C03916E4}.Release|Any CPU.Build.0 = Release|Any CPU
		{73B9FD25-9082-48C3-AC99-7225C03916E4}.Release|iOS.ActiveCfg = Release|Any CPU
		{73B9FD25-9082-48C3-AC99-7225C03916E4}.Release|iOS.Build.0 = Release|Any CPU
		{73B9FD25-9082-48C3-AC99-7225C03916E4}.Release|Windows Phone (Universal).ActiveCfg = Release|Any CPU
		{73B9FD25-9082-48C3-AC99-7225C03916E4}.Release|Windows Phone (Universal).Build.0 = Release|Any CPU
		{73B9FD25-9082-48C3-AC99-7225C03916E4}.Release|Windows Phone 8.ActiveCfg = Release|Any CPU
		{73B9FD25-9082-48C3-AC99-7225C03916E4}.Release|Windows Phone 8.Build.0 = Release|Any CPU
		{73B9FD25-9082-48C3-AC99-7225C03916E4}.Release|Windows-AnyCPU.ActiveCfg = Release|Any CPU
		{73B9FD25-9082-48C3-AC99-7225C03916E4}.Release|Windows-AnyCPU.Build.0 = Release|Any CPU
		{73B9FD25-9082-48C3-AC99-7225C03916E4}.Release|Windows-ARM.ActiveCfg = Release|Any CPU
		{73B9FD25-9082-48C3-AC99-7225C03916E4}.Release|Windows-ARM.Build.0 = Release|Any CPU
		{73B9FD25-9082-48C3-AC99-7225C03916E4}.Release|Windows-x64.ActiveCfg = Release|Any CPU
		{73B9FD25-9082-48C3-AC99-7225C03916E4}.Release|Windows-x64.Build.0 = Release|Any CPU
		{73B9FD25-9082-48C3-AC99-7225C03916E4}.Release|Windows-x86.ActiveCfg = Release|Any CPU
		{73B9FD25-9082-48C3-AC99-7225C03916E4}.Release|Windows-x86.Build.0 = Release|Any CPU
		{73B9FD25-9082-48C3-AC99-7225C03916E4}.Release|x86.ActiveCfg = Release|Any CPU
		{73B9FD25-9082-48C3-AC99-7225C03916E4}.Release|x86.Build.0 = Release|Any CPU
		{ADA6D43F-6868-4B1F-B353-D10AEE45CE73}.Debug|Android.ActiveCfg = Debug|Any CPU
		{ADA6D43F-6868-4B1F-B353-D10AEE45CE73}.Debug|Android.Build.0 = Debug|Any CPU
		{ADA6D43F-6868-4B1F-B353-D10AEE45CE73}.Debug|Any CPU.ActiveCfg = Debug|Any CPU
		{ADA6D43F-6868-4B1F-B353-D10AEE45CE73}.Debug|Any CPU.Build.0 = Debug|Any CPU
		{ADA6D43F-6868-4B1F-B353-D10AEE45CE73}.Debug|iOS.ActiveCfg = Debug|Any CPU
		{ADA6D43F-6868-4B1F-B353-D10AEE45CE73}.Debug|iOS.Build.0 = Debug|Any CPU
		{ADA6D43F-6868-4B1F-B353-D10AEE45CE73}.Debug|Windows Phone (Universal).ActiveCfg = Debug|Any CPU
		{ADA6D43F-6868-4B1F-B353-D10AEE45CE73}.Debug|Windows Phone (Universal).Build.0 = Debug|Any CPU
		{ADA6D43F-6868-4B1F-B353-D10AEE45CE73}.Debug|Windows Phone 8.ActiveCfg = Debug|Any CPU
		{ADA6D43F-6868-4B1F-B353-D10AEE45CE73}.Debug|Windows Phone 8.Build.0 = Debug|Any CPU
		{ADA6D43F-6868-4B1F-B353-D10AEE45CE73}.Debug|Windows-AnyCPU.ActiveCfg = Debug|Any CPU
		{ADA6D43F-6868-4B1F-B353-D10AEE45CE73}.Debug|Windows-AnyCPU.Build.0 = Debug|Any CPU
		{ADA6D43F-6868-4B1F-B353-D10AEE45CE73}.Debug|Windows-ARM.ActiveCfg = Debug|Any CPU
		{ADA6D43F-6868-4B1F-B353-D10AEE45CE73}.Debug|Windows-ARM.Build.0 = Debug|Any CPU
		{ADA6D43F-6868-4B1F-B353-D10AEE45CE73}.Debug|Windows-x64.ActiveCfg = Debug|Any CPU
		{ADA6D43F-6868-4B1F-B353-D10AEE45CE73}.Debug|Windows-x64.Build.0 = Debug|Any CPU
		{ADA6D43F-6868-4B1F-B353-D10AEE45CE73}.Debug|Windows-x86.ActiveCfg = Debug|Any CPU
		{ADA6D43F-6868-4B1F-B353-D10AEE45CE73}.Debug|Windows-x86.Build.0 = Debug|Any CPU
		{ADA6D43F-6868-4B1F-B353-D10AEE45CE73}.Debug|x86.ActiveCfg = Debug|Any CPU
		{ADA6D43F-6868-4B1F-B353-D10AEE45CE73}.Debug|x86.Build.0 = Debug|Any CPU
		{ADA6D43F-6868-4B1F-B353-D10AEE45CE73}.Release|Android.ActiveCfg = Release|Any CPU
		{ADA6D43F-6868-4B1F-B353-D10AEE45CE73}.Release|Android.Build.0 = Release|Any CPU
		{ADA6D43F-6868-4B1F-B353-D10AEE45CE73}.Release|Any CPU.ActiveCfg = Release|Any CPU
		{ADA6D43F-6868-4B1F-B353-D10AEE45CE73}.Release|Any CPU.Build.0 = Release|Any CPU
		{ADA6D43F-6868-4B1F-B353-D10AEE45CE73}.Release|iOS.ActiveCfg = Release|Any CPU
		{ADA6D43F-6868-4B1F-B353-D10AEE45CE73}.Release|iOS.Build.0 = Release|Any CPU
		{ADA6D43F-6868-4B1F-B353-D10AEE45CE73}.Release|Windows Phone (Universal).ActiveCfg = Release|Any CPU
		{ADA6D43F-6868-4B1F-B353-D10AEE45CE73}.Release|Windows Phone (Universal).Build.0 = Release|Any CPU
		{ADA6D43F-6868-4B1F-B353-D10AEE45CE73}.Release|Windows Phone 8.ActiveCfg = Release|Any CPU
		{ADA6D43F-6868-4B1F-B353-D10AEE45CE73}.Release|Windows Phone 8.Build.0 = Release|Any CPU
		{ADA6D43F-6868-4B1F-B353-D10AEE45CE73}.Release|Windows-AnyCPU.ActiveCfg = Release|Any CPU
		{ADA6D43F-6868-4B1F-B353-D10AEE45CE73}.Release|Windows-AnyCPU.Build.0 = Release|Any CPU
		{ADA6D43F-6868-4B1F-B353-D10AEE45CE73}.Release|Windows-ARM.ActiveCfg = Release|Any CPU
		{ADA6D43F-6868-4B1F-B353-D10AEE45CE73}.Release|Windows-ARM.Build.0 = Release|Any CPU
		{ADA6D43F-6868-4B1F-B353-D10AEE45CE73}.Release|Windows-x64.ActiveCfg = Release|Any CPU
		{ADA6D43F-6868-4B1F-B353-D10AEE45CE73}.Release|Windows-x64.Build.0 = Release|Any CPU
		{ADA6D43F-6868-4B1F-B353-D10AEE45CE73}.Release|Windows-x86.ActiveCfg = Release|Any CPU
		{ADA6D43F-6868-4B1F-B353-D10AEE45CE73}.Release|Windows-x86.Build.0 = Release|Any CPU
		{ADA6D43F-6868-4B1F-B353-D10AEE45CE73}.Release|x86.ActiveCfg = Release|Any CPU
		{ADA6D43F-6868-4B1F-B353-D10AEE45CE73}.Release|x86.Build.0 = Release|Any CPU
		{A64BCFE7-9EE1-4F7C-B1DD-5DA0CB9C0BEF}.Debug|Android.ActiveCfg = Debug|Any CPU
		{A64BCFE7-9EE1-4F7C-B1DD-5DA0CB9C0BEF}.Debug|Android.Build.0 = Debug|Any CPU
		{A64BCFE7-9EE1-4F7C-B1DD-5DA0CB9C0BEF}.Debug|Any CPU.ActiveCfg = Debug|Any CPU
		{A64BCFE7-9EE1-4F7C-B1DD-5DA0CB9C0BEF}.Debug|Any CPU.Build.0 = Debug|Any CPU
		{A64BCFE7-9EE1-4F7C-B1DD-5DA0CB9C0BEF}.Debug|iOS.ActiveCfg = Debug|Any CPU
		{A64BCFE7-9EE1-4F7C-B1DD-5DA0CB9C0BEF}.Debug|iOS.Build.0 = Debug|Any CPU
		{A64BCFE7-9EE1-4F7C-B1DD-5DA0CB9C0BEF}.Debug|Windows Phone (Universal).ActiveCfg = Debug|Any CPU
		{A64BCFE7-9EE1-4F7C-B1DD-5DA0CB9C0BEF}.Debug|Windows Phone (Universal).Build.0 = Debug|Any CPU
		{A64BCFE7-9EE1-4F7C-B1DD-5DA0CB9C0BEF}.Debug|Windows Phone 8.ActiveCfg = Debug|Any CPU
		{A64BCFE7-9EE1-4F7C-B1DD-5DA0CB9C0BEF}.Debug|Windows Phone 8.Build.0 = Debug|Any CPU
		{A64BCFE7-9EE1-4F7C-B1DD-5DA0CB9C0BEF}.Debug|Windows-AnyCPU.ActiveCfg = Debug|Any CPU
		{A64BCFE7-9EE1-4F7C-B1DD-5DA0CB9C0BEF}.Debug|Windows-AnyCPU.Build.0 = Debug|Any CPU
		{A64BCFE7-9EE1-4F7C-B1DD-5DA0CB9C0BEF}.Debug|Windows-ARM.ActiveCfg = Debug|Any CPU
		{A64BCFE7-9EE1-4F7C-B1DD-5DA0CB9C0BEF}.Debug|Windows-ARM.Build.0 = Debug|Any CPU
		{A64BCFE7-9EE1-4F7C-B1DD-5DA0CB9C0BEF}.Debug|Windows-x64.ActiveCfg = Debug|Any CPU
		{A64BCFE7-9EE1-4F7C-B1DD-5DA0CB9C0BEF}.Debug|Windows-x64.Build.0 = Debug|Any CPU
		{A64BCFE7-9EE1-4F7C-B1DD-5DA0CB9C0BEF}.Debug|Windows-x86.ActiveCfg = Debug|Any CPU
		{A64BCFE7-9EE1-4F7C-B1DD-5DA0CB9C0BEF}.Debug|Windows-x86.Build.0 = Debug|Any CPU
		{A64BCFE7-9EE1-4F7C-B1DD-5DA0CB9C0BEF}.Debug|x86.ActiveCfg = Debug|Any CPU
		{A64BCFE7-9EE1-4F7C-B1DD-5DA0CB9C0BEF}.Debug|x86.Build.0 = Debug|Any CPU
		{A64BCFE7-9EE1-4F7C-B1DD-5DA0CB9C0BEF}.Release|Android.ActiveCfg = Release|Any CPU
		{A64BCFE7-9EE1-4F7C-B1DD-5DA0CB9C0BEF}.Release|Android.Build.0 = Release|Any CPU
		{A64BCFE7-9EE1-4F7C-B1DD-5DA0CB9C0BEF}.Release|Any CPU.ActiveCfg = Release|Any CPU
		{A64BCFE7-9EE1-4F7C-B1DD-5DA0CB9C0BEF}.Release|Any CPU.Build.0 = Release|Any CPU
		{A64BCFE7-9EE1-4F7C-B1DD-5DA0CB9C0BEF}.Release|iOS.ActiveCfg = Release|Any CPU
		{A64BCFE7-9EE1-4F7C-B1DD-5DA0CB9C0BEF}.Release|iOS.Build.0 = Release|Any CPU
		{A64BCFE7-9EE1-4F7C-B1DD-5DA0CB9C0BEF}.Release|Windows Phone (Universal).ActiveCfg = Release|Any CPU
		{A64BCFE7-9EE1-4F7C-B1DD-5DA0CB9C0BEF}.Release|Windows Phone (Universal).Build.0 = Release|Any CPU
		{A64BCFE7-9EE1-4F7C-B1DD-5DA0CB9C0BEF}.Release|Windows Phone 8.ActiveCfg = Release|Any CPU
		{A64BCFE7-9EE1-4F7C-B1DD-5DA0CB9C0BEF}.Release|Windows Phone 8.Build.0 = Release|Any CPU
		{A64BCFE7-9EE1-4F7C-B1DD-5DA0CB9C0BEF}.Release|Windows-AnyCPU.ActiveCfg = Release|Any CPU
		{A64BCFE7-9EE1-4F7C-B1DD-5DA0CB9C0BEF}.Release|Windows-AnyCPU.Build.0 = Release|Any CPU
		{A64BCFE7-9EE1-4F7C-B1DD-5DA0CB9C0BEF}.Release|Windows-ARM.ActiveCfg = Release|Any CPU
		{A64BCFE7-9EE1-4F7C-B1DD-5DA0CB9C0BEF}.Release|Windows-ARM.Build.0 = Release|Any CPU
		{A64BCFE7-9EE1-4F7C-B1DD-5DA0CB9C0BEF}.Release|Windows-x64.ActiveCfg = Release|Any CPU
		{A64BCFE7-9EE1-4F7C-B1DD-5DA0CB9C0BEF}.Release|Windows-x64.Build.0 = Release|Any CPU
		{A64BCFE7-9EE1-4F7C-B1DD-5DA0CB9C0BEF}.Release|Windows-x86.ActiveCfg = Release|Any CPU
		{A64BCFE7-9EE1-4F7C-B1DD-5DA0CB9C0BEF}.Release|Windows-x86.Build.0 = Release|Any CPU
		{A64BCFE7-9EE1-4F7C-B1DD-5DA0CB9C0BEF}.Release|x86.ActiveCfg = Release|Any CPU
		{A64BCFE7-9EE1-4F7C-B1DD-5DA0CB9C0BEF}.Release|x86.Build.0 = Release|Any CPU
		{EE62F3D3-624B-4E6B-B054-BFD418E5DF37}.Debug|Android.ActiveCfg = Debug|Any CPU
		{EE62F3D3-624B-4E6B-B054-BFD418E5DF37}.Debug|Android.Build.0 = Debug|Any CPU
		{EE62F3D3-624B-4E6B-B054-BFD418E5DF37}.Debug|Any CPU.ActiveCfg = Debug|Any CPU
		{EE62F3D3-624B-4E6B-B054-BFD418E5DF37}.Debug|Any CPU.Build.0 = Debug|Any CPU
		{EE62F3D3-624B-4E6B-B054-BFD418E5DF37}.Debug|iOS.ActiveCfg = Debug|Any CPU
		{EE62F3D3-624B-4E6B-B054-BFD418E5DF37}.Debug|iOS.Build.0 = Debug|Any CPU
		{EE62F3D3-624B-4E6B-B054-BFD418E5DF37}.Debug|Windows Phone (Universal).ActiveCfg = Debug|Any CPU
		{EE62F3D3-624B-4E6B-B054-BFD418E5DF37}.Debug|Windows Phone (Universal).Build.0 = Debug|Any CPU
		{EE62F3D3-624B-4E6B-B054-BFD418E5DF37}.Debug|Windows Phone 8.ActiveCfg = Debug|Any CPU
		{EE62F3D3-624B-4E6B-B054-BFD418E5DF37}.Debug|Windows Phone 8.Build.0 = Debug|Any CPU
		{EE62F3D3-624B-4E6B-B054-BFD418E5DF37}.Debug|Windows-AnyCPU.ActiveCfg = Debug|Any CPU
		{EE62F3D3-624B-4E6B-B054-BFD418E5DF37}.Debug|Windows-AnyCPU.Build.0 = Debug|Any CPU
		{EE62F3D3-624B-4E6B-B054-BFD418E5DF37}.Debug|Windows-ARM.ActiveCfg = Debug|Any CPU
		{EE62F3D3-624B-4E6B-B054-BFD418E5DF37}.Debug|Windows-ARM.Build.0 = Debug|Any CPU
		{EE62F3D3-624B-4E6B-B054-BFD418E5DF37}.Debug|Windows-x64.ActiveCfg = Debug|Any CPU
		{EE62F3D3-624B-4E6B-B054-BFD418E5DF37}.Debug|Windows-x64.Build.0 = Debug|Any CPU
		{EE62F3D3-624B-4E6B-B054-BFD418E5DF37}.Debug|Windows-x86.ActiveCfg = Debug|Any CPU
		{EE62F3D3-624B-4E6B-B054-BFD418E5DF37}.Debug|Windows-x86.Build.0 = Debug|Any CPU
		{EE62F3D3-624B-4E6B-B054-BFD418E5DF37}.Debug|x86.ActiveCfg = Debug|Any CPU
		{EE62F3D3-624B-4E6B-B054-BFD418E5DF37}.Debug|x86.Build.0 = Debug|Any CPU
		{EE62F3D3-624B-4E6B-B054-BFD418E5DF37}.Release|Android.ActiveCfg = Release|Any CPU
		{EE62F3D3-624B-4E6B-B054-BFD418E5DF37}.Release|Android.Build.0 = Release|Any CPU
		{EE62F3D3-624B-4E6B-B054-BFD418E5DF37}.Release|Any CPU.ActiveCfg = Release|Any CPU
		{EE62F3D3-624B-4E6B-B054-BFD418E5DF37}.Release|Any CPU.Build.0 = Release|Any CPU
		{EE62F3D3-624B-4E6B-B054-BFD418E5DF37}.Release|iOS.ActiveCfg = Release|Any CPU
		{EE62F3D3-624B-4E6B-B054-BFD418E5DF37}.Release|iOS.Build.0 = Release|Any CPU
		{EE62F3D3-624B-4E6B-B054-BFD418E5DF37}.Release|Windows Phone (Universal).ActiveCfg = Release|Any CPU
		{EE62F3D3-624B-4E6B-B054-BFD418E5DF37}.Release|Windows Phone (Universal).Build.0 = Release|Any CPU
		{EE62F3D3-624B-4E6B-B054-BFD418E5DF37}.Release|Windows Phone 8.ActiveCfg = Release|Any CPU
		{EE62F3D3-624B-4E6B-B054-BFD418E5DF37}.Release|Windows Phone 8.Build.0 = Release|Any CPU
		{EE62F3D3-624B-4E6B-B054-BFD418E5DF37}.Release|Windows-AnyCPU.ActiveCfg = Release|Any CPU
		{EE62F3D3-624B-4E6B-B054-BFD418E5DF37}.Release|Windows-AnyCPU.Build.0 = Release|Any CPU
		{EE62F3D3-624B-4E6B-B054-BFD418E5DF37}.Release|Windows-ARM.ActiveCfg = Release|Any CPU
		{EE62F3D3-624B-4E6B-B054-BFD418E5DF37}.Release|Windows-ARM.Build.0 = Release|Any CPU
		{EE62F3D3-624B-4E6B-B054-BFD418E5DF37}.Release|Windows-x64.ActiveCfg = Release|Any CPU
		{EE62F3D3-624B-4E6B-B054-BFD418E5DF37}.Release|Windows-x64.Build.0 = Release|Any CPU
		{EE62F3D3-624B-4E6B-B054-BFD418E5DF37}.Release|Windows-x86.ActiveCfg = Release|Any CPU
		{EE62F3D3-624B-4E6B-B054-BFD418E5DF37}.Release|Windows-x86.Build.0 = Release|Any CPU
		{EE62F3D3-624B-4E6B-B054-BFD418E5DF37}.Release|x86.ActiveCfg = Release|Any CPU
		{EE62F3D3-624B-4E6B-B054-BFD418E5DF37}.Release|x86.Build.0 = Release|Any CPU
		{E3F8C1F0-3078-4F5A-9878-C6A4F64D5166}.Debug|Android.ActiveCfg = Debug|Any CPU
		{E3F8C1F0-3078-4F5A-9878-C6A4F64D5166}.Debug|Android.Build.0 = Debug|Any CPU
		{E3F8C1F0-3078-4F5A-9878-C6A4F64D5166}.Debug|Any CPU.ActiveCfg = Debug|Any CPU
		{E3F8C1F0-3078-4F5A-9878-C6A4F64D5166}.Debug|Any CPU.Build.0 = Debug|Any CPU
		{E3F8C1F0-3078-4F5A-9878-C6A4F64D5166}.Debug|iOS.ActiveCfg = Debug|Any CPU
		{E3F8C1F0-3078-4F5A-9878-C6A4F64D5166}.Debug|iOS.Build.0 = Debug|Any CPU
		{E3F8C1F0-3078-4F5A-9878-C6A4F64D5166}.Debug|Windows Phone (Universal).ActiveCfg = Debug|Any CPU
		{E3F8C1F0-3078-4F5A-9878-C6A4F64D5166}.Debug|Windows Phone (Universal).Build.0 = Debug|Any CPU
		{E3F8C1F0-3078-4F5A-9878-C6A4F64D5166}.Debug|Windows Phone 8.ActiveCfg = Debug|Any CPU
		{E3F8C1F0-3078-4F5A-9878-C6A4F64D5166}.Debug|Windows Phone 8.Build.0 = Debug|Any CPU
		{E3F8C1F0-3078-4F5A-9878-C6A4F64D5166}.Debug|Windows-AnyCPU.ActiveCfg = Debug|Any CPU
		{E3F8C1F0-3078-4F5A-9878-C6A4F64D5166}.Debug|Windows-AnyCPU.Build.0 = Debug|Any CPU
		{E3F8C1F0-3078-4F5A-9878-C6A4F64D5166}.Debug|Windows-ARM.ActiveCfg = Debug|Any CPU
		{E3F8C1F0-3078-4F5A-9878-C6A4F64D5166}.Debug|Windows-ARM.Build.0 = Debug|Any CPU
		{E3F8C1F0-3078-4F5A-9878-C6A4F64D5166}.Debug|Windows-x64.ActiveCfg = Debug|Any CPU
		{E3F8C1F0-3078-4F5A-9878-C6A4F64D5166}.Debug|Windows-x64.Build.0 = Debug|Any CPU
		{E3F8C1F0-3078-4F5A-9878-C6A4F64D5166}.Debug|Windows-x86.ActiveCfg = Debug|Any CPU
		{E3F8C1F0-3078-4F5A-9878-C6A4F64D5166}.Debug|Windows-x86.Build.0 = Debug|Any CPU
		{E3F8C1F0-3078-4F5A-9878-C6A4F64D5166}.Debug|x86.ActiveCfg = Debug|Any CPU
		{E3F8C1F0-3078-4F5A-9878-C6A4F64D5166}.Debug|x86.Build.0 = Debug|Any CPU
		{E3F8C1F0-3078-4F5A-9878-C6A4F64D5166}.Release|Android.ActiveCfg = Release|Any CPU
		{E3F8C1F0-3078-4F5A-9878-C6A4F64D5166}.Release|Android.Build.0 = Release|Any CPU
		{E3F8C1F0-3078-4F5A-9878-C6A4F64D5166}.Release|Any CPU.ActiveCfg = Release|Any CPU
		{E3F8C1F0-3078-4F5A-9878-C6A4F64D5166}.Release|Any CPU.Build.0 = Release|Any CPU
		{E3F8C1F0-3078-4F5A-9878-C6A4F64D5166}.Release|iOS.ActiveCfg = Release|Any CPU
		{E3F8C1F0-3078-4F5A-9878-C6A4F64D5166}.Release|iOS.Build.0 = Release|Any CPU
		{E3F8C1F0-3078-4F5A-9878-C6A4F64D5166}.Release|Windows Phone (Universal).ActiveCfg = Release|Any CPU
		{E3F8C1F0-3078-4F5A-9878-C6A4F64D5166}.Release|Windows Phone (Universal).Build.0 = Release|Any CPU
		{E3F8C1F0-3078-4F5A-9878-C6A4F64D5166}.Release|Windows Phone 8.ActiveCfg = Release|Any CPU
		{E3F8C1F0-3078-4F5A-9878-C6A4F64D5166}.Release|Windows Phone 8.Build.0 = Release|Any CPU
		{E3F8C1F0-3078-4F5A-9878-C6A4F64D5166}.Release|Windows-AnyCPU.ActiveCfg = Release|Any CPU
		{E3F8C1F0-3078-4F5A-9878-C6A4F64D5166}.Release|Windows-AnyCPU.Build.0 = Release|Any CPU
		{E3F8C1F0-3078-4F5A-9878-C6A4F64D5166}.Release|Windows-ARM.ActiveCfg = Release|Any CPU
		{E3F8C1F0-3078-4F5A-9878-C6A4F64D5166}.Release|Windows-ARM.Build.0 = Release|Any CPU
		{E3F8C1F0-3078-4F5A-9878-C6A4F64D5166}.Release|Windows-x64.ActiveCfg = Release|Any CPU
		{E3F8C1F0-3078-4F5A-9878-C6A4F64D5166}.Release|Windows-x64.Build.0 = Release|Any CPU
		{E3F8C1F0-3078-4F5A-9878-C6A4F64D5166}.Release|Windows-x86.ActiveCfg = Release|Any CPU
		{E3F8C1F0-3078-4F5A-9878-C6A4F64D5166}.Release|Windows-x86.Build.0 = Release|Any CPU
		{E3F8C1F0-3078-4F5A-9878-C6A4F64D5166}.Release|x86.ActiveCfg = Release|Any CPU
		{E3F8C1F0-3078-4F5A-9878-C6A4F64D5166}.Release|x86.Build.0 = Release|Any CPU
	EndGlobalSection
	GlobalSection(SolutionProperties) = preSolution
		HideSolutionNode = FALSE
	EndGlobalSection
	GlobalSection(NestedProjects) = preSolution
		{479425D1-E376-4E3A-9FFF-31121CE8A5D3} = {CFE09DCB-A8EF-471C-81EA-7ACA7632D0D7}
		{F68A1D19-93FB-47C1-A22B-42BEA3E4FD8C} = {CFE09DCB-A8EF-471C-81EA-7ACA7632D0D7}
		{561F0D0C-EB7B-4FA6-9A54-2D06E34A7F58} = {CFE09DCB-A8EF-471C-81EA-7ACA7632D0D7}
	EndGlobalSection
EndGlobal
