
Microsoft Visual Studio Solution File, Format Version 12.00
# Visual Studio 14
VisualStudioVersion = 14.0.25123.0
MinimumVisualStudioVersion = 10.0.40219.1
Project("{2150E333-8FDC-42A3-9474-1A3956D46DE8}") = "Domain Layer", "Domain Layer", "{2C9EA76F-3605-49D7-BB5C-5A6F412DCE05}"
EndProject
Project("{2150E333-8FDC-42A3-9474-1A3956D46DE8}") = "Infrastructure Layer", "Infrastructure Layer", "{086AD4EF-259F-4626-B660-F0E4A4AFE41B}"
EndProject
Project("{2150E333-8FDC-42A3-9474-1A3956D46DE8}") = "Site", "Site", "{B8D1BF86-90C2-4FE8-9EB8-24FE057ACA82}"
EndProject
Project("{2150E333-8FDC-42A3-9474-1A3956D46DE8}") = "Presentation Layer", "Presentation Layer", "{78C2A3DC-67BD-4746-8669-1A91C25F3CFB}"
EndProject
Project("{2150E333-8FDC-42A3-9474-1A3956D46DE8}") = "Application Layer", "Application Layer", "{6D37D32D-9D22-4D3E-80F2-778867432F80}"
EndProject
Project("{2150E333-8FDC-42A3-9474-1A3956D46DE8}") = "Persistence", "Persistence", "{183AC6CE-1574-4BD3-BB4A-3365A5A8F73A}"
EndProject
Project("{FAE04EC0-301F-11D3-BF4B-00C04F79EFBC}") = "AplombTech.WMS.Domain", "Domain\AplombTech.WMS.Domain\AplombTech.WMS.Domain.csproj", "{C2A6F489-7C45-4D49-9C71-7AAC936BC724}"
EndProject
Project("{FAE04EC0-301F-11D3-BF4B-00C04F79EFBC}") = "AplombTech.WMS.Site", "Site\AplombTech.WMS.Site\AplombTech.WMS.Site.csproj", "{7CD265ED-F0A1-423A-9AC5-B6E41A66F858}"
EndProject
Project("{2150E333-8FDC-42A3-9474-1A3956D46DE8}") = "MQTT Client", "MQTT Client", "{A8B01F62-FA2B-4345-9E89-5CCD828BD9D1}"
EndProject
Project("{FAE04EC0-301F-11D3-BF4B-00C04F79EFBC}") = "AplombTech.MQTTLib", "Infrastructure\AplombTech.WMS.MQTT.Client\AplombTech.MQTTLib.csproj", "{34801C75-C666-4783-83CE-F1DFCD4208F4}"
EndProject
Project("{2150E333-8FDC-42A3-9474-1A3956D46DE8}") = "Logger", "Logger", "{90D6828D-A42C-4454-92F9-64041D179653}"
EndProject
Project("{FAE04EC0-301F-11D3-BF4B-00C04F79EFBC}") = "AplombTech.Logging", "Infrastructure\AplombTech.WMS.Logging\AplombTech.Logging.csproj", "{5B70DAC1-0F48-4C14-85FF-1D4412032E02}"
EndProject
Project("{2150E333-8FDC-42A3-9474-1A3956D46DE8}") = "Encryption Decryption", "Encryption Decryption", "{CD0AFF5F-05D1-486B-BADC-23DF00398353}"
EndProject
Project("{FAE04EC0-301F-11D3-BF4B-00C04F79EFBC}") = "AplombTech.CryptoLib", "Infrastructure\AplombTech.CryptoLib\AplombTech.CryptoLib.csproj", "{AD26B877-4368-418B-A20B-9E796DCF6854}"
EndProject
Project("{FAE04EC0-301F-11D3-BF4B-00C04F79EFBC}") = "AplombTech.WMS.QueryModel", "Domain\AplombTech.WMS.QueryModel\AplombTech.WMS.QueryModel.csproj", "{53B3230D-C147-4E26-A5E2-2189DC13C9D2}"
EndProject
Project("{2150E333-8FDC-42A3-9474-1A3956D46DE8}") = "Console Applications", "Console Applications", "{1F55CDC8-8A0E-4E2C-8CCB-AFA3F27CC0AB}"
EndProject
Project("{FAE04EC0-301F-11D3-BF4B-00C04F79EFBC}") = "AplombTech.WMS.MQTT.Client", "Console Application\AplombTech.WMS.MQTT.Client\AplombTech.WMS.MQTT.Client.csproj", "{296045FB-E728-4027-AD04-F5DF72BDF030}"
EndProject
Project("{2150E333-8FDC-42A3-9474-1A3956D46DE8}") = "JsonParser", "JsonParser", "{0B471E6A-7A1F-4260-AD9B-4DC58FC8C23C}"
EndProject
Project("{FAE04EC0-301F-11D3-BF4B-00C04F79EFBC}") = "AplombTech.WMS.JsonParser", "Infrastructure\AplombTech.WMS.JsonParser\AplombTech.WMS.JsonParser.csproj", "{D64FE817-7A39-455E-AA81-AC8201659990}"
EndProject
Project("{2150E333-8FDC-42A3-9474-1A3956D46DE8}") = "NServiceBusMessage", "NServiceBusMessage", "{C210A9C9-92BD-41DF-A821-4C21EAF3E483}"
EndProject
Project("{FAE04EC0-301F-11D3-BF4B-00C04F79EFBC}") = "AplombTech.WMS.Messages", "Infrastructure\AplombTech.WMS.Messages\AplombTech.WMS.Messages.csproj", "{5104D6F2-54A9-4C43-B49D-84FA2A4F7CC0}"
EndProject
Project("{FAE04EC0-301F-11D3-BF4B-00C04F79EFBC}") = "AplombTech.WMS.Sensor.Data.Processor", "Console Application\AplombTech.WMS.Sensor.Data.Processor\AplombTech.WMS.Sensor.Data.Processor.csproj", "{52402D82-A8D9-42F0-9C28-CA960FFF7C33}"
EndProject
Project("{FAE04EC0-301F-11D3-BF4B-00C04F79EFBC}") = "AplombTech.WMS.Persistence", "Infrastructure\AplombTech.WMS.Persistence\AplombTech.WMS.Persistence.csproj", "{07383CCC-B5AB-499D-AC1C-25BFA183C9B3}"
EndProject
Project("{2150E333-8FDC-42A3-9474-1A3956D46DE8}") = "Utility", "Utility", "{50E37B12-BA6B-4105-88B0-B1B35174B837}"
EndProject
Project("{FAE04EC0-301F-11D3-BF4B-00C04F79EFBC}") = "AplombTech.WMS.Utility", "Infrastructure\AplombTech.WMS.Utility\AplombTech.WMS.Utility.csproj", "{52EA4CB2-2FE4-44AF-A638-4B1A1F9786EF}"
EndProject
Project("{FAE04EC0-301F-11D3-BF4B-00C04F79EFBC}") = "AplombTech.WMS.BaseDataLayer", "Infrastructure\AplombTech.WMS.BaseDataLayer\AplombTech.WMS.BaseDataLayer.csproj", "{19F6B495-CAC3-4467-A109-90452C77CC14}"
EndProject
Project("{FAE04EC0-301F-11D3-BF4B-00C04F79EFBC}") = "AplombTech.WMS.Utility.NakedObjects", "Infrastructure\AplombTech.WMS.Utility.NakedObjects\AplombTech.WMS.Utility.NakedObjects.csproj", "{79A83DC9-F113-437A-972C-FB42B59798A3}"
EndProject
Global
	GlobalSection(SolutionConfigurationPlatforms) = preSolution
		Debug|Any CPU = Debug|Any CPU
		Release|Any CPU = Release|Any CPU
	EndGlobalSection
	GlobalSection(ProjectConfigurationPlatforms) = postSolution
		{C2A6F489-7C45-4D49-9C71-7AAC936BC724}.Debug|Any CPU.ActiveCfg = Debug|Any CPU
		{C2A6F489-7C45-4D49-9C71-7AAC936BC724}.Debug|Any CPU.Build.0 = Debug|Any CPU
		{C2A6F489-7C45-4D49-9C71-7AAC936BC724}.Release|Any CPU.ActiveCfg = Release|Any CPU
		{C2A6F489-7C45-4D49-9C71-7AAC936BC724}.Release|Any CPU.Build.0 = Release|Any CPU
		{7CD265ED-F0A1-423A-9AC5-B6E41A66F858}.Debug|Any CPU.ActiveCfg = Debug|Any CPU
		{7CD265ED-F0A1-423A-9AC5-B6E41A66F858}.Debug|Any CPU.Build.0 = Debug|Any CPU
		{7CD265ED-F0A1-423A-9AC5-B6E41A66F858}.Release|Any CPU.ActiveCfg = Release|Any CPU
		{7CD265ED-F0A1-423A-9AC5-B6E41A66F858}.Release|Any CPU.Build.0 = Release|Any CPU
		{34801C75-C666-4783-83CE-F1DFCD4208F4}.Debug|Any CPU.ActiveCfg = Debug|Any CPU
		{34801C75-C666-4783-83CE-F1DFCD4208F4}.Debug|Any CPU.Build.0 = Debug|Any CPU
		{34801C75-C666-4783-83CE-F1DFCD4208F4}.Release|Any CPU.ActiveCfg = Release|Any CPU
		{34801C75-C666-4783-83CE-F1DFCD4208F4}.Release|Any CPU.Build.0 = Release|Any CPU
		{5B70DAC1-0F48-4C14-85FF-1D4412032E02}.Debug|Any CPU.ActiveCfg = Debug|Any CPU
		{5B70DAC1-0F48-4C14-85FF-1D4412032E02}.Debug|Any CPU.Build.0 = Debug|Any CPU
		{5B70DAC1-0F48-4C14-85FF-1D4412032E02}.Release|Any CPU.ActiveCfg = Release|Any CPU
		{5B70DAC1-0F48-4C14-85FF-1D4412032E02}.Release|Any CPU.Build.0 = Release|Any CPU
		{AD26B877-4368-418B-A20B-9E796DCF6854}.Debug|Any CPU.ActiveCfg = Debug|Any CPU
		{AD26B877-4368-418B-A20B-9E796DCF6854}.Debug|Any CPU.Build.0 = Debug|Any CPU
		{AD26B877-4368-418B-A20B-9E796DCF6854}.Release|Any CPU.ActiveCfg = Release|Any CPU
		{AD26B877-4368-418B-A20B-9E796DCF6854}.Release|Any CPU.Build.0 = Release|Any CPU
		{53B3230D-C147-4E26-A5E2-2189DC13C9D2}.Debug|Any CPU.ActiveCfg = Debug|Any CPU
		{53B3230D-C147-4E26-A5E2-2189DC13C9D2}.Debug|Any CPU.Build.0 = Debug|Any CPU
		{53B3230D-C147-4E26-A5E2-2189DC13C9D2}.Release|Any CPU.ActiveCfg = Release|Any CPU
		{53B3230D-C147-4E26-A5E2-2189DC13C9D2}.Release|Any CPU.Build.0 = Release|Any CPU
		{296045FB-E728-4027-AD04-F5DF72BDF030}.Debug|Any CPU.ActiveCfg = Debug|Any CPU
		{296045FB-E728-4027-AD04-F5DF72BDF030}.Debug|Any CPU.Build.0 = Debug|Any CPU
		{296045FB-E728-4027-AD04-F5DF72BDF030}.Release|Any CPU.ActiveCfg = Release|Any CPU
		{296045FB-E728-4027-AD04-F5DF72BDF030}.Release|Any CPU.Build.0 = Release|Any CPU
		{D64FE817-7A39-455E-AA81-AC8201659990}.Debug|Any CPU.ActiveCfg = Debug|Any CPU
		{D64FE817-7A39-455E-AA81-AC8201659990}.Debug|Any CPU.Build.0 = Debug|Any CPU
		{D64FE817-7A39-455E-AA81-AC8201659990}.Release|Any CPU.ActiveCfg = Release|Any CPU
		{D64FE817-7A39-455E-AA81-AC8201659990}.Release|Any CPU.Build.0 = Release|Any CPU
		{5104D6F2-54A9-4C43-B49D-84FA2A4F7CC0}.Debug|Any CPU.ActiveCfg = Debug|Any CPU
		{5104D6F2-54A9-4C43-B49D-84FA2A4F7CC0}.Debug|Any CPU.Build.0 = Debug|Any CPU
		{5104D6F2-54A9-4C43-B49D-84FA2A4F7CC0}.Release|Any CPU.ActiveCfg = Release|Any CPU
		{5104D6F2-54A9-4C43-B49D-84FA2A4F7CC0}.Release|Any CPU.Build.0 = Release|Any CPU
		{52402D82-A8D9-42F0-9C28-CA960FFF7C33}.Debug|Any CPU.ActiveCfg = Debug|Any CPU
		{52402D82-A8D9-42F0-9C28-CA960FFF7C33}.Debug|Any CPU.Build.0 = Debug|Any CPU
		{52402D82-A8D9-42F0-9C28-CA960FFF7C33}.Release|Any CPU.ActiveCfg = Release|Any CPU
		{52402D82-A8D9-42F0-9C28-CA960FFF7C33}.Release|Any CPU.Build.0 = Release|Any CPU
		{07383CCC-B5AB-499D-AC1C-25BFA183C9B3}.Debug|Any CPU.ActiveCfg = Debug|Any CPU
		{07383CCC-B5AB-499D-AC1C-25BFA183C9B3}.Debug|Any CPU.Build.0 = Debug|Any CPU
		{07383CCC-B5AB-499D-AC1C-25BFA183C9B3}.Release|Any CPU.ActiveCfg = Release|Any CPU
		{07383CCC-B5AB-499D-AC1C-25BFA183C9B3}.Release|Any CPU.Build.0 = Release|Any CPU
		{52EA4CB2-2FE4-44AF-A638-4B1A1F9786EF}.Debug|Any CPU.ActiveCfg = Debug|Any CPU
		{52EA4CB2-2FE4-44AF-A638-4B1A1F9786EF}.Debug|Any CPU.Build.0 = Debug|Any CPU
		{52EA4CB2-2FE4-44AF-A638-4B1A1F9786EF}.Release|Any CPU.ActiveCfg = Release|Any CPU
		{52EA4CB2-2FE4-44AF-A638-4B1A1F9786EF}.Release|Any CPU.Build.0 = Release|Any CPU
		{19F6B495-CAC3-4467-A109-90452C77CC14}.Debug|Any CPU.ActiveCfg = Debug|Any CPU
		{19F6B495-CAC3-4467-A109-90452C77CC14}.Debug|Any CPU.Build.0 = Debug|Any CPU
		{19F6B495-CAC3-4467-A109-90452C77CC14}.Release|Any CPU.ActiveCfg = Release|Any CPU
		{19F6B495-CAC3-4467-A109-90452C77CC14}.Release|Any CPU.Build.0 = Release|Any CPU
		{79A83DC9-F113-437A-972C-FB42B59798A3}.Debug|Any CPU.ActiveCfg = Debug|Any CPU
		{79A83DC9-F113-437A-972C-FB42B59798A3}.Debug|Any CPU.Build.0 = Debug|Any CPU
		{79A83DC9-F113-437A-972C-FB42B59798A3}.Release|Any CPU.ActiveCfg = Release|Any CPU
		{79A83DC9-F113-437A-972C-FB42B59798A3}.Release|Any CPU.Build.0 = Release|Any CPU
	EndGlobalSection
	GlobalSection(SolutionProperties) = preSolution
		HideSolutionNode = FALSE
	EndGlobalSection
	GlobalSection(NestedProjects) = preSolution
		{78C2A3DC-67BD-4746-8669-1A91C25F3CFB} = {B8D1BF86-90C2-4FE8-9EB8-24FE057ACA82}
		{6D37D32D-9D22-4D3E-80F2-778867432F80} = {B8D1BF86-90C2-4FE8-9EB8-24FE057ACA82}
		{183AC6CE-1574-4BD3-BB4A-3365A5A8F73A} = {086AD4EF-259F-4626-B660-F0E4A4AFE41B}
		{C2A6F489-7C45-4D49-9C71-7AAC936BC724} = {2C9EA76F-3605-49D7-BB5C-5A6F412DCE05}
		{7CD265ED-F0A1-423A-9AC5-B6E41A66F858} = {78C2A3DC-67BD-4746-8669-1A91C25F3CFB}
		{A8B01F62-FA2B-4345-9E89-5CCD828BD9D1} = {086AD4EF-259F-4626-B660-F0E4A4AFE41B}
		{34801C75-C666-4783-83CE-F1DFCD4208F4} = {A8B01F62-FA2B-4345-9E89-5CCD828BD9D1}
		{90D6828D-A42C-4454-92F9-64041D179653} = {086AD4EF-259F-4626-B660-F0E4A4AFE41B}
		{5B70DAC1-0F48-4C14-85FF-1D4412032E02} = {90D6828D-A42C-4454-92F9-64041D179653}
		{CD0AFF5F-05D1-486B-BADC-23DF00398353} = {086AD4EF-259F-4626-B660-F0E4A4AFE41B}
		{AD26B877-4368-418B-A20B-9E796DCF6854} = {CD0AFF5F-05D1-486B-BADC-23DF00398353}
		{53B3230D-C147-4E26-A5E2-2189DC13C9D2} = {2C9EA76F-3605-49D7-BB5C-5A6F412DCE05}
		{296045FB-E728-4027-AD04-F5DF72BDF030} = {1F55CDC8-8A0E-4E2C-8CCB-AFA3F27CC0AB}
		{0B471E6A-7A1F-4260-AD9B-4DC58FC8C23C} = {086AD4EF-259F-4626-B660-F0E4A4AFE41B}
		{D64FE817-7A39-455E-AA81-AC8201659990} = {0B471E6A-7A1F-4260-AD9B-4DC58FC8C23C}
		{C210A9C9-92BD-41DF-A821-4C21EAF3E483} = {086AD4EF-259F-4626-B660-F0E4A4AFE41B}
		{5104D6F2-54A9-4C43-B49D-84FA2A4F7CC0} = {C210A9C9-92BD-41DF-A821-4C21EAF3E483}
		{52402D82-A8D9-42F0-9C28-CA960FFF7C33} = {1F55CDC8-8A0E-4E2C-8CCB-AFA3F27CC0AB}
		{07383CCC-B5AB-499D-AC1C-25BFA183C9B3} = {183AC6CE-1574-4BD3-BB4A-3365A5A8F73A}
		{50E37B12-BA6B-4105-88B0-B1B35174B837} = {086AD4EF-259F-4626-B660-F0E4A4AFE41B}
		{52EA4CB2-2FE4-44AF-A638-4B1A1F9786EF} = {50E37B12-BA6B-4105-88B0-B1B35174B837}
		{19F6B495-CAC3-4467-A109-90452C77CC14} = {183AC6CE-1574-4BD3-BB4A-3365A5A8F73A}
		{79A83DC9-F113-437A-972C-FB42B59798A3} = {50E37B12-BA6B-4105-88B0-B1B35174B837}
	EndGlobalSection
EndGlobal
